
Microsoft Visual Studio Solution File, Format Version 12.00
# Visual Studio Version 17
VisualStudioVersion = 17.3.32825.248
MinimumVisualStudioVersion = 10.0.40219.1
Project("{FAE04EC0-301F-11D3-BF4B-00C04F79EFBC}") = "Лаб1", "Лаб1\Лаб1.csproj", "{08534AC6-E5B6-4BB2-8F4C-AAA2F10E7CF4}"
EndProject
Global
	GlobalSection(SolutionConfigurationPlatforms) = preSolution
		Debug|Any CPU = Debug|Any CPU
		Release|Any CPU = Release|Any CPU
	EndGlobalSection
	GlobalSection(ProjectConfigurationPlatforms) = postSolution
		{08534AC6-E5B6-4BB2-8F4C-AAA2F10E7CF4}.Debug|Any CPU.ActiveCfg = Debug|Any CPU
		{08534AC6-E5B6-4BB2-8F4C-AAA2F10E7CF4}.Debug|Any CPU.Build.0 = Debug|Any CPU
		{08534AC6-E5B6-4BB2-8F4C-AAA2F10E7CF4}.Release|Any CPU.ActiveCfg = Release|Any CPU
		{08534AC6-E5B6-4BB2-8F4C-AAA2F10E7CF4}.Release|Any CPU.Build.0 = Release|Any CPU
	EndGlobalSection
	GlobalSection(SolutionProperties) = preSolution
		HideSolutionNode = FALSE
	EndGlobalSection
	GlobalSection(ExtensibilityGlobals) = postSolution
		SolutionGuid = {C6DFD42E-25D7-4878-BBD1-B74D467C2F39}
	EndGlobalSection
EndGlobal
